
Microsoft Visual Studio Solution File, Format Version 12.00
# Visual Studio Version 17
VisualStudioVersion = 17.6.33801.468
MinimumVisualStudioVersion = 10.0.40219.1
Project("{FAE04EC0-301F-11D3-BF4B-00C04F79EFBC}") = "HomeBudgetManagement", "HomeBudgetManagement\HomeBudgetManagement.csproj", "{B04EAE86-12E9-43E7-B45C-86F3277B4A1C}"
EndProject
Project("{FAE04EC0-301F-11D3-BF4B-00C04F79EFBC}") = "HomeBudgetManagement.Tests", "HomeBudgetManagement.Tests\HomeBudgetManagement.Tests.csproj", "{DDC31932-07BF-4B1B-914F-A1C08B7F19D9}"
EndProject
Project("{FAE04EC0-301F-11D3-BF4B-00C04F79EFBC}") = "HomeBudgetManagement.Domain", "HomeBudgetManagement.DAL\HomeBudgetManagement.Domain.csproj", "{F6D5546D-E597-47F7-A1C1-5B44EABCB111}"
EndProject
Project("{FAE04EC0-301F-11D3-BF4B-00C04F79EFBC}") = "HomeBudgetManagement.API", "HomeBudgetManagement.API\HomeBudgetManagement.API.csproj", "{55FA8DCC-C844-4A36-AA32-5960688077AF}"
EndProject
Project("{FAE04EC0-301F-11D3-BF4B-00C04F79EFBC}") = "HomeBudgetManagementWinForms", "HomeBudgetManagementWinForms\HomeBudgetManagementWinForms.csproj", "{C4E17618-C89D-4CAE-A3D7-2838F2613DEF}"
	ProjectSection(ProjectDependencies) = postProject
		{55FA8DCC-C844-4A36-AA32-5960688077AF} = {55FA8DCC-C844-4A36-AA32-5960688077AF}
	EndProjectSection
EndProject
Project("{FAE04EC0-301F-11D3-BF4B-00C04F79EFBC}") = "HomeBudgetManagement.Models", "HomeBudgetManagement.Models\HomeBudgetManagement.Models.csproj", "{567C4A5A-FF51-49CB-B4EE-F48A97852FD6}"
EndProject
Project("{9A19103F-16F7-4668-BE54-9A1E7A4F7556}") = "HomeBudgetManagement.MVC.Core", "HomeBudgetManagementMVC.Core\HomeBudgetManagement.MVC.Core.csproj", "{DA763F7F-53AA-4516-8E78-E88569B8AEF6}"
EndProject
Project("{9A19103F-16F7-4668-BE54-9A1E7A4F7556}") = "HomeBudgetManagement.Api.Core", "HomeBudgetManagement.Api.Core\HomeBudgetManagement.Api.Core.csproj", "{392D0430-49C3-4497-B408-CE2735A9D343}"
EndProject
Project("{9A19103F-16F7-4668-BE54-9A1E7A4F7556}") = "HomeBudgetManagement.Application", "HomeBudgetManagement.Application\HomeBudgetManagement.Application.csproj", "{BF442C86-9DA9-4516-8E06-12094020F168}"
EndProject
Project("{9A19103F-16F7-4668-BE54-9A1E7A4F7556}") = "HomeBudgetManagement.DTO", "HomeBudgetManagement.DTO\HomeBudgetManagement.DTO.csproj", "{4FCE7254-0723-430C-972C-D9902EC7C875}"
EndProject
Project("{9A19103F-16F7-4668-BE54-9A1E7A4F7556}") = "HomeBudgetManagement.Infrastructure", "HomeBudgetManagement.Infrastructure\HomeBudgetManagement.Infrastructure.csproj", "{7D1547FF-A226-4781-B940-971A9F535B39}"
EndProject
Project("{9A19103F-16F7-4668-BE54-9A1E7A4F7556}") = "HomeBudgetManagement.Core", "HomeBudgetManagement.Core\HomeBudgetManagement.Core.csproj", "{1ACDB398-DBF0-44A7-B7C0-C398555B788C}"
EndProject
Project("{2150E333-8FDC-42A3-9474-1A3956D46DE8}") = "Core", "Core", "{349E7012-4C55-47B7-ACE7-9D7422A34420}"
EndProject
Project("{2150E333-8FDC-42A3-9474-1A3956D46DE8}") = "Microservices", "Microservices", "{23F0A627-147B-4514-A68B-CF279DE68E75}"
EndProject
Project("{FAE04EC0-301F-11D3-BF4B-00C04F79EFBC}") = "ReportMicroservice", "ReportMicroservice\ReportMicroservice.csproj", "{3442B14B-2860-4823-978E-1A0DE29CE79D}"
EndProject
Global
	GlobalSection(SolutionConfigurationPlatforms) = preSolution
		Debug|Any CPU = Debug|Any CPU
		Release|Any CPU = Release|Any CPU
	EndGlobalSection
	GlobalSection(ProjectConfigurationPlatforms) = postSolution
		{B04EAE86-12E9-43E7-B45C-86F3277B4A1C}.Debug|Any CPU.ActiveCfg = Debug|Any CPU
		{B04EAE86-12E9-43E7-B45C-86F3277B4A1C}.Debug|Any CPU.Build.0 = Debug|Any CPU
		{B04EAE86-12E9-43E7-B45C-86F3277B4A1C}.Release|Any CPU.ActiveCfg = Release|Any CPU
		{B04EAE86-12E9-43E7-B45C-86F3277B4A1C}.Release|Any CPU.Build.0 = Release|Any CPU
		{DDC31932-07BF-4B1B-914F-A1C08B7F19D9}.Debug|Any CPU.ActiveCfg = Debug|Any CPU
		{DDC31932-07BF-4B1B-914F-A1C08B7F19D9}.Debug|Any CPU.Build.0 = Debug|Any CPU
		{DDC31932-07BF-4B1B-914F-A1C08B7F19D9}.Release|Any CPU.ActiveCfg = Release|Any CPU
		{DDC31932-07BF-4B1B-914F-A1C08B7F19D9}.Release|Any CPU.Build.0 = Release|Any CPU
		{F6D5546D-E597-47F7-A1C1-5B44EABCB111}.Debug|Any CPU.ActiveCfg = Debug|Any CPU
		{F6D5546D-E597-47F7-A1C1-5B44EABCB111}.Debug|Any CPU.Build.0 = Debug|Any CPU
		{F6D5546D-E597-47F7-A1C1-5B44EABCB111}.Release|Any CPU.ActiveCfg = Release|Any CPU
		{F6D5546D-E597-47F7-A1C1-5B44EABCB111}.Release|Any CPU.Build.0 = Release|Any CPU
		{55FA8DCC-C844-4A36-AA32-5960688077AF}.Debug|Any CPU.ActiveCfg = Debug|Any CPU
		{55FA8DCC-C844-4A36-AA32-5960688077AF}.Debug|Any CPU.Build.0 = Debug|Any CPU
		{55FA8DCC-C844-4A36-AA32-5960688077AF}.Release|Any CPU.ActiveCfg = Release|Any CPU
		{55FA8DCC-C844-4A36-AA32-5960688077AF}.Release|Any CPU.Build.0 = Release|Any CPU
		{C4E17618-C89D-4CAE-A3D7-2838F2613DEF}.Debug|Any CPU.ActiveCfg = Debug|Any CPU
		{C4E17618-C89D-4CAE-A3D7-2838F2613DEF}.Debug|Any CPU.Build.0 = Debug|Any CPU
		{C4E17618-C89D-4CAE-A3D7-2838F2613DEF}.Release|Any CPU.ActiveCfg = Release|Any CPU
		{C4E17618-C89D-4CAE-A3D7-2838F2613DEF}.Release|Any CPU.Build.0 = Release|Any CPU
		{567C4A5A-FF51-49CB-B4EE-F48A97852FD6}.Debug|Any CPU.ActiveCfg = Debug|Any CPU
		{567C4A5A-FF51-49CB-B4EE-F48A97852FD6}.Debug|Any CPU.Build.0 = Debug|Any CPU
		{567C4A5A-FF51-49CB-B4EE-F48A97852FD6}.Release|Any CPU.ActiveCfg = Release|Any CPU
		{567C4A5A-FF51-49CB-B4EE-F48A97852FD6}.Release|Any CPU.Build.0 = Release|Any CPU
		{DA763F7F-53AA-4516-8E78-E88569B8AEF6}.Debug|Any CPU.ActiveCfg = Debug|Any CPU
		{DA763F7F-53AA-4516-8E78-E88569B8AEF6}.Debug|Any CPU.Build.0 = Debug|Any CPU
		{DA763F7F-53AA-4516-8E78-E88569B8AEF6}.Release|Any CPU.ActiveCfg = Release|Any CPU
		{DA763F7F-53AA-4516-8E78-E88569B8AEF6}.Release|Any CPU.Build.0 = Release|Any CPU
		{392D0430-49C3-4497-B408-CE2735A9D343}.Debug|Any CPU.ActiveCfg = Debug|Any CPU
		{392D0430-49C3-4497-B408-CE2735A9D343}.Debug|Any CPU.Build.0 = Debug|Any CPU
		{392D0430-49C3-4497-B408-CE2735A9D343}.Release|Any CPU.ActiveCfg = Release|Any CPU
		{392D0430-49C3-4497-B408-CE2735A9D343}.Release|Any CPU.Build.0 = Release|Any CPU
		{BF442C86-9DA9-4516-8E06-12094020F168}.Debug|Any CPU.ActiveCfg = Debug|Any CPU
		{BF442C86-9DA9-4516-8E06-12094020F168}.Debug|Any CPU.Build.0 = Debug|Any CPU
		{BF442C86-9DA9-4516-8E06-12094020F168}.Release|Any CPU.ActiveCfg = Release|Any CPU
		{BF442C86-9DA9-4516-8E06-12094020F168}.Release|Any CPU.Build.0 = Release|Any CPU
		{4FCE7254-0723-430C-972C-D9902EC7C875}.Debug|Any CPU.ActiveCfg = Debug|Any CPU
		{4FCE7254-0723-430C-972C-D9902EC7C875}.Debug|Any CPU.Build.0 = Debug|Any CPU
		{4FCE7254-0723-430C-972C-D9902EC7C875}.Release|Any CPU.ActiveCfg = Release|Any CPU
		{4FCE7254-0723-430C-972C-D9902EC7C875}.Release|Any CPU.Build.0 = Release|Any CPU
		{7D1547FF-A226-4781-B940-971A9F535B39}.Debug|Any CPU.ActiveCfg = Debug|Any CPU
		{7D1547FF-A226-4781-B940-971A9F535B39}.Debug|Any CPU.Build.0 = Debug|Any CPU
		{7D1547FF-A226-4781-B940-971A9F535B39}.Release|Any CPU.ActiveCfg = Release|Any CPU
		{7D1547FF-A226-4781-B940-971A9F535B39}.Release|Any CPU.Build.0 = Release|Any CPU
		{1ACDB398-DBF0-44A7-B7C0-C398555B788C}.Debug|Any CPU.ActiveCfg = Debug|Any CPU
		{1ACDB398-DBF0-44A7-B7C0-C398555B788C}.Debug|Any CPU.Build.0 = Debug|Any CPU
		{1ACDB398-DBF0-44A7-B7C0-C398555B788C}.Release|Any CPU.ActiveCfg = Release|Any CPU
		{1ACDB398-DBF0-44A7-B7C0-C398555B788C}.Release|Any CPU.Build.0 = Release|Any CPU
		{3442B14B-2860-4823-978E-1A0DE29CE79D}.Debug|Any CPU.ActiveCfg = Debug|Any CPU
		{3442B14B-2860-4823-978E-1A0DE29CE79D}.Debug|Any CPU.Build.0 = Debug|Any CPU
		{3442B14B-2860-4823-978E-1A0DE29CE79D}.Release|Any CPU.ActiveCfg = Release|Any CPU
		{3442B14B-2860-4823-978E-1A0DE29CE79D}.Release|Any CPU.Build.0 = Release|Any CPU
	EndGlobalSection
	GlobalSection(SolutionProperties) = preSolution
		HideSolutionNode = FALSE
	EndGlobalSection
	GlobalSection(NestedProjects) = preSolution
		{BF442C86-9DA9-4516-8E06-12094020F168} = {349E7012-4C55-47B7-ACE7-9D7422A34420}
		{1ACDB398-DBF0-44A7-B7C0-C398555B788C} = {349E7012-4C55-47B7-ACE7-9D7422A34420}
		{3442B14B-2860-4823-978E-1A0DE29CE79D} = {23F0A627-147B-4514-A68B-CF279DE68E75}
	EndGlobalSection
	GlobalSection(ExtensibilityGlobals) = postSolution
		SolutionGuid = {37EA834B-A51F-4C78-8000-840EF55B3F19}
	EndGlobalSection
EndGlobal
